
Microsoft Visual Studio Solution File, Format Version 12.00
# Visual Studio 15
Project("{FAE04EC0-301F-11D3-BF4B-00C04F79EFBC}") = "midlevelquestionsix", "midlevelquestionsix\midlevelquestionsix.csproj", "{FC34AAFE-7A9D-43E2-82B0-A18E56AAE665}"
EndProject
Global
	GlobalSection(SolutionConfigurationPlatforms) = preSolution
		Debug|Any CPU = Debug|Any CPU
		Release|Any CPU = Release|Any CPU
	EndGlobalSection
	GlobalSection(ProjectConfigurationPlatforms) = postSolution
		{FC34AAFE-7A9D-43E2-82B0-A18E56AAE665}.Debug|Any CPU.ActiveCfg = Debug|Any CPU
		{FC34AAFE-7A9D-43E2-82B0-A18E56AAE665}.Debug|Any CPU.Build.0 = Debug|Any CPU
		{FC34AAFE-7A9D-43E2-82B0-A18E56AAE665}.Release|Any CPU.ActiveCfg = Release|Any CPU
		{FC34AAFE-7A9D-43E2-82B0-A18E56AAE665}.Release|Any CPU.Build.0 = Release|Any CPU
	EndGlobalSection
EndGlobal
