
Microsoft Visual Studio Solution File, Format Version 12.00
# Visual Studio 15
Project("{FAE04EC0-301F-11D3-BF4B-00C04F79EFBC}") = "NUnit", "NUnit\NUnit.csproj", "{C806B8FC-4768-4A32-BFAB-2EDE92AD9100}"
EndProject
Global
	GlobalSection(SolutionConfigurationPlatforms) = preSolution
		Debug|Any CPU = Debug|Any CPU
		Release|Any CPU = Release|Any CPU
	EndGlobalSection
	GlobalSection(ProjectConfigurationPlatforms) = postSolution
		{C806B8FC-4768-4A32-BFAB-2EDE92AD9100}.Debug|Any CPU.ActiveCfg = Debug|Any CPU
		{C806B8FC-4768-4A32-BFAB-2EDE92AD9100}.Debug|Any CPU.Build.0 = Debug|Any CPU
		{C806B8FC-4768-4A32-BFAB-2EDE92AD9100}.Release|Any CPU.ActiveCfg = Release|Any CPU
		{C806B8FC-4768-4A32-BFAB-2EDE92AD9100}.Release|Any CPU.Build.0 = Release|Any CPU
	EndGlobalSection
EndGlobal
